
Microsoft Visual Studio Solution File, Format Version 12.00
# Visual Studio Version 16
VisualStudioVersion = 16.0.30523.141
MinimumVisualStudioVersion = 10.0.40219.1
Project("{FAE04EC0-301F-11D3-BF4B-00C04F79EFBC}") = "Boyd_LinkedListSearch", "Boyd_LinkedListSearch.csproj", "{294F5B8B-3F07-4269-AF97-20797F33AB0E}"
EndProject
Global
	GlobalSection(SolutionConfigurationPlatforms) = preSolution
		Debug|Any CPU = Debug|Any CPU
		Release|Any CPU = Release|Any CPU
	EndGlobalSection
	GlobalSection(ProjectConfigurationPlatforms) = postSolution
		{294F5B8B-3F07-4269-AF97-20797F33AB0E}.Debug|Any CPU.ActiveCfg = Debug|Any CPU
		{294F5B8B-3F07-4269-AF97-20797F33AB0E}.Debug|Any CPU.Build.0 = Debug|Any CPU
		{294F5B8B-3F07-4269-AF97-20797F33AB0E}.Release|Any CPU.ActiveCfg = Release|Any CPU
		{294F5B8B-3F07-4269-AF97-20797F33AB0E}.Release|Any CPU.Build.0 = Release|Any CPU
	EndGlobalSection
	GlobalSection(SolutionProperties) = preSolution
		HideSolutionNode = FALSE
	EndGlobalSection
	GlobalSection(ExtensibilityGlobals) = postSolution
		SolutionGuid = {2CBEA2BF-1665-49A8-A797-E087CB8C963D}
	EndGlobalSection
EndGlobal
